
Microsoft Visual Studio Solution File, Format Version 12.00
# Visual Studio Version 17
VisualStudioVersion = 17.0.32002.185
MinimumVisualStudioVersion = 10.0.40219.1
Project("{FAE04EC0-301F-11D3-BF4B-00C04F79EFBC}") = "Hephaestus", "Hephaestus\Hephaestus.csproj", "{337FD987-1B3F-45BE-82CD-668297FDAB86}"
EndProject
Global
	GlobalSection(SolutionConfigurationPlatforms) = preSolution
		Debug|Any CPU = Debug|Any CPU
		Release|Any CPU = Release|Any CPU
	EndGlobalSection
	GlobalSection(ProjectConfigurationPlatforms) = postSolution
		{337FD987-1B3F-45BE-82CD-668297FDAB86}.Debug|Any CPU.ActiveCfg = Debug|Any CPU
		{337FD987-1B3F-45BE-82CD-668297FDAB86}.Debug|Any CPU.Build.0 = Debug|Any CPU
		{337FD987-1B3F-45BE-82CD-668297FDAB86}.Release|Any CPU.ActiveCfg = Release|Any CPU
		{337FD987-1B3F-45BE-82CD-668297FDAB86}.Release|Any CPU.Build.0 = Release|Any CPU
	EndGlobalSection
	GlobalSection(SolutionProperties) = preSolution
		HideSolutionNode = FALSE
	EndGlobalSection
	GlobalSection(ExtensibilityGlobals) = postSolution
		SolutionGuid = {703AD315-5C0B-47AF-9ED5-088F8E9E9CED}
	EndGlobalSection
EndGlobal
